
Microsoft Visual Studio Solution File, Format Version 12.00
# Visual Studio Version 16
VisualStudioVersion = 16.0.30114.105
MinimumVisualStudioVersion = 10.0.40219.1
Project("{9A19103F-16F7-4668-BE54-9A1E7A4F7556}") = "Ejemplo1", "Ejemplo1\Ejemplo1.csproj", "{1287534C-972A-452A-81F8-66229138CD0C}"
EndProject
Project("{9A19103F-16F7-4668-BE54-9A1E7A4F7556}") = "Ejemplo1AccesoDatos", "Ejemplo1AccesoDatos\Ejemplo1AccesoDatos.csproj", "{ED06EDC3-1EF3-478E-AB11-9DA658D9EE5D}"
EndProject
Global
	GlobalSection(SolutionConfigurationPlatforms) = preSolution
		Debug|Any CPU = Debug|Any CPU
		Release|Any CPU = Release|Any CPU
	EndGlobalSection
	GlobalSection(ProjectConfigurationPlatforms) = postSolution
		{1287534C-972A-452A-81F8-66229138CD0C}.Debug|Any CPU.ActiveCfg = Debug|Any CPU
		{1287534C-972A-452A-81F8-66229138CD0C}.Debug|Any CPU.Build.0 = Debug|Any CPU
		{1287534C-972A-452A-81F8-66229138CD0C}.Release|Any CPU.ActiveCfg = Release|Any CPU
		{1287534C-972A-452A-81F8-66229138CD0C}.Release|Any CPU.Build.0 = Release|Any CPU
		{ED06EDC3-1EF3-478E-AB11-9DA658D9EE5D}.Debug|Any CPU.ActiveCfg = Debug|Any CPU
		{ED06EDC3-1EF3-478E-AB11-9DA658D9EE5D}.Debug|Any CPU.Build.0 = Debug|Any CPU
		{ED06EDC3-1EF3-478E-AB11-9DA658D9EE5D}.Release|Any CPU.ActiveCfg = Release|Any CPU
		{ED06EDC3-1EF3-478E-AB11-9DA658D9EE5D}.Release|Any CPU.Build.0 = Release|Any CPU
	EndGlobalSection
	GlobalSection(SolutionProperties) = preSolution
		HideSolutionNode = FALSE
	EndGlobalSection
	GlobalSection(ExtensibilityGlobals) = postSolution
		SolutionGuid = {4198B829-2A8E-49D8-AA60-601AA299CC5D}
	EndGlobalSection
EndGlobal
